
Microsoft Visual Studio Solution File, Format Version 12.00
# Visual Studio 2012
Project("{FAE04EC0-301F-11D3-BF4B-00C04F79EFBC}") = "Gusev_ITMO_WPF_Lab13", "Gusev_ITMO_WPF_Lab13\Gusev_ITMO_WPF_Lab13.csproj", "{0E745BB6-BEA6-4AC8-9F14-79A050EBD6BC}"
EndProject
Global
	GlobalSection(SolutionConfigurationPlatforms) = preSolution
		Debug|Any CPU = Debug|Any CPU
		Release|Any CPU = Release|Any CPU
	EndGlobalSection
	GlobalSection(ProjectConfigurationPlatforms) = postSolution
		{0E745BB6-BEA6-4AC8-9F14-79A050EBD6BC}.Debug|Any CPU.ActiveCfg = Debug|Any CPU
		{0E745BB6-BEA6-4AC8-9F14-79A050EBD6BC}.Debug|Any CPU.Build.0 = Debug|Any CPU
		{0E745BB6-BEA6-4AC8-9F14-79A050EBD6BC}.Release|Any CPU.ActiveCfg = Release|Any CPU
		{0E745BB6-BEA6-4AC8-9F14-79A050EBD6BC}.Release|Any CPU.Build.0 = Release|Any CPU
	EndGlobalSection
	GlobalSection(SolutionProperties) = preSolution
		HideSolutionNode = FALSE
	EndGlobalSection
EndGlobal
